// !$*UTF8*$!
{
	archiveVersion = 1;
	classes = {
	};
	objectVersion = 46;
	objects = {

/* Begin PBXBuildFile section */
		9F5F073B1E34A48B00520CA0 /* Family.storyboard in Resources */ = {isa = PBXBuildFile; fileRef = 9F5F07381E34A48B00520CA0 /* Family.storyboard */; };
		9F5F073C1E34A48B00520CA0 /* InviteTableViewController.swift in Sources */ = {isa = PBXBuildFile; fileRef = 9F5F07391E34A48B00520CA0 /* InviteTableViewController.swift */; };
		9F5F07451E34AB3E00520CA0 /* Signal.swift in Sources */ = {isa = PBXBuildFile; fileRef = 9F5F07441E34AB3E00520CA0 /* Signal.swift */; };
		9F5F07461E34AB3E00520CA0 /* Signal.swift in Sources */ = {isa = PBXBuildFile; fileRef = 9F5F07441E34AB3E00520CA0 /* Signal.swift */; };
		9FCE38C81E348EA900AFBF81 /* AppDelegate.swift in Sources */ = {isa = PBXBuildFile; fileRef = 9FCE38C71E348EA900AFBF81 /* AppDelegate.swift */; };
		9FCE38CA1E348EA900AFBF81 /* ViewController.swift in Sources */ = {isa = PBXBuildFile; fileRef = 9FCE38C91E348EA900AFBF81 /* ViewController.swift */; };
		9FCE38CD1E348EA900AFBF81 /* Main.storyboard in Resources */ = {isa = PBXBuildFile; fileRef = 9FCE38CB1E348EA900AFBF81 /* Main.storyboard */; };
		9FCE38CF1E348EAA00AFBF81 /* Assets.xcassets in Resources */ = {isa = PBXBuildFile; fileRef = 9FCE38CE1E348EAA00AFBF81 /* Assets.xcassets */; };
		9FCE38D21E348EAA00AFBF81 /* LaunchScreen.storyboard in Resources */ = {isa = PBXBuildFile; fileRef = 9FCE38D01E348EAA00AFBF81 /* LaunchScreen.storyboard */; };
		9FCE38DE1E348ED200AFBF81 /* AppDelegate.swift in Sources */ = {isa = PBXBuildFile; fileRef = 9FCE38DD1E348ED200AFBF81 /* AppDelegate.swift */; };
		9FCE38E01E348ED200AFBF81 /* ViewController.swift in Sources */ = {isa = PBXBuildFile; fileRef = 9FCE38DF1E348ED200AFBF81 /* ViewController.swift */; };
		9FCE38E21E348ED200AFBF81 /* Assets.xcassets in Resources */ = {isa = PBXBuildFile; fileRef = 9FCE38E11E348ED200AFBF81 /* Assets.xcassets */; };
		9FCE38E51E348ED200AFBF81 /* Main.storyboard in Resources */ = {isa = PBXBuildFile; fileRef = 9FCE38E31E348ED200AFBF81 /* Main.storyboard */; };
		9FFB0AE21E3545C5009A25F4 /* Helper.swift in Sources */ = {isa = PBXBuildFile; fileRef = 9FFB0AE11E3545C5009A25F4 /* Helper.swift */; };
		9FFB0AE31E3545C5009A25F4 /* Helper.swift in Sources */ = {isa = PBXBuildFile; fileRef = 9FFB0AE11E3545C5009A25F4 /* Helper.swift */; };
/* End PBXBuildFile section */

/* Begin PBXFileReference section */
		9F5F07381E34A48B00520CA0 /* Family.storyboard */ = {isa = PBXFileReference; fileEncoding = 4; lastKnownFileType = file.storyboard; path = Family.storyboard; sourceTree = "<group>"; };
		9F5F07391E34A48B00520CA0 /* InviteTableViewController.swift */ = {isa = PBXFileReference; fileEncoding = 4; lastKnownFileType = sourcecode.swift; path = InviteTableViewController.swift; sourceTree = "<group>"; };
		9F5F073A1E34A48B00520CA0 /* Signal.swift */ = {isa = PBXFileReference; fileEncoding = 4; lastKnownFileType = sourcecode.swift; path = Signal.swift; sourceTree = "<group>"; };
		9F5F073F1E34A4A300520CA0 /* Signal.swift */ = {isa = PBXFileReference; fileEncoding = 4; lastKnownFileType = sourcecode.swift; path = Signal.swift; sourceTree = "<group>"; };
		9F5F07441E34AB3E00520CA0 /* Signal.swift */ = {isa = PBXFileReference; fileEncoding = 4; lastKnownFileType = sourcecode.swift; path = Signal.swift; sourceTree = "<group>"; };
		9FCE38C51E348EA900AFBF81 /* Signal-iOS.app */ = {isa = PBXFileReference; explicitFileType = wrapper.application; includeInIndex = 0; path = "Signal-iOS.app"; sourceTree = BUILT_PRODUCTS_DIR; };
		9FCE38C71E348EA900AFBF81 /* AppDelegate.swift */ = {isa = PBXFileReference; lastKnownFileType = sourcecode.swift; path = AppDelegate.swift; sourceTree = "<group>"; };
		9FCE38C91E348EA900AFBF81 /* ViewController.swift */ = {isa = PBXFileReference; lastKnownFileType = sourcecode.swift; path = ViewController.swift; sourceTree = "<group>"; };
		9FCE38CC1E348EA900AFBF81 /* Base */ = {isa = PBXFileReference; lastKnownFileType = file.storyboard; name = Base; path = Base.lproj/Main.storyboard; sourceTree = "<group>"; };
		9FCE38CE1E348EAA00AFBF81 /* Assets.xcassets */ = {isa = PBXFileReference; lastKnownFileType = folder.assetcatalog; path = Assets.xcassets; sourceTree = "<group>"; };
		9FCE38D11E348EAA00AFBF81 /* Base */ = {isa = PBXFileReference; lastKnownFileType = file.storyboard; name = Base; path = Base.lproj/LaunchScreen.storyboard; sourceTree = "<group>"; };
		9FCE38D31E348EAA00AFBF81 /* Info.plist */ = {isa = PBXFileReference; lastKnownFileType = text.plist.xml; path = Info.plist; sourceTree = "<group>"; };
		9FCE38DB1E348ED100AFBF81 /* Signal-Mac.app */ = {isa = PBXFileReference; explicitFileType = wrapper.application; includeInIndex = 0; path = "Signal-Mac.app"; sourceTree = BUILT_PRODUCTS_DIR; };
		9FCE38DD1E348ED200AFBF81 /* AppDelegate.swift */ = {isa = PBXFileReference; lastKnownFileType = sourcecode.swift; path = AppDelegate.swift; sourceTree = "<group>"; };
		9FCE38DF1E348ED200AFBF81 /* ViewController.swift */ = {isa = PBXFileReference; lastKnownFileType = sourcecode.swift; path = ViewController.swift; sourceTree = "<group>"; };
		9FCE38E11E348ED200AFBF81 /* Assets.xcassets */ = {isa = PBXFileReference; lastKnownFileType = folder.assetcatalog; path = Assets.xcassets; sourceTree = "<group>"; };
		9FCE38E41E348ED200AFBF81 /* Base */ = {isa = PBXFileReference; lastKnownFileType = file.storyboard; name = Base; path = Base.lproj/Main.storyboard; sourceTree = "<group>"; };
		9FCE38E61E348ED200AFBF81 /* Info.plist */ = {isa = PBXFileReference; lastKnownFileType = text.plist.xml; path = Info.plist; sourceTree = "<group>"; };
		9FFB0AE11E3545C5009A25F4 /* Helper.swift */ = {isa = PBXFileReference; fileEncoding = 4; lastKnownFileType = sourcecode.swift; path = Helper.swift; sourceTree = "<group>"; };
/* End PBXFileReference section */

/* Begin PBXFrameworksBuildPhase section */
		9FCE38C21E348EA900AFBF81 /* Frameworks */ = {
			isa = PBXFrameworksBuildPhase;
			buildActionMask = 2147483647;
			files = (
			);
			runOnlyForDeploymentPostprocessing = 0;
		};
		9FCE38D81E348ED100AFBF81 /* Frameworks */ = {
			isa = PBXFrameworksBuildPhase;
			buildActionMask = 2147483647;
			files = (
			);
			runOnlyForDeploymentPostprocessing = 0;
		};
/* End PBXFrameworksBuildPhase section */

/* Begin PBXGroup section */
		9F5F07371E34A48B00520CA0 /* Signal-iOS */ = {
			isa = PBXGroup;
			children = (
				9F5F07381E34A48B00520CA0 /* Family.storyboard */,
				9F5F07391E34A48B00520CA0 /* InviteTableViewController.swift */,
				9F5F073A1E34A48B00520CA0 /* Signal.swift */,
			);
			path = "Signal-iOS";
			sourceTree = "<group>";
		};
		9F5F073E1E34A4A300520CA0 /* Signal-Mac */ = {
			isa = PBXGroup;
			children = (
				9F5F073F1E34A4A300520CA0 /* Signal.swift */,
			);
			path = "Signal-Mac";
			sourceTree = "<group>";
		};
		9FCE38A31E348DB900AFBF81 = {
			isa = PBXGroup;
			children = (
				9F5F07441E34AB3E00520CA0 /* Signal.swift */,
				9FFB0AE11E3545C5009A25F4 /* Helper.swift */,
				9FCE38C61E348EA900AFBF81 /* Signal-iOS */,
				9FCE38DC1E348ED200AFBF81 /* Signal-Mac */,
				9FCE38AD1E348DB900AFBF81 /* Products */,
			);
			sourceTree = "<group>";
		};
		9FCE38AD1E348DB900AFBF81 /* Products */ = {
			isa = PBXGroup;
			children = (
				9FCE38C51E348EA900AFBF81 /* Signal-iOS.app */,
				9FCE38DB1E348ED100AFBF81 /* Signal-Mac.app */,
			);
			name = Products;
			sourceTree = "<group>";
		};
		9FCE38C61E348EA900AFBF81 /* Signal-iOS */ = {
			isa = PBXGroup;
			children = (
				9F5F07371E34A48B00520CA0 /* Signal-iOS */,
				9FCE38C71E348EA900AFBF81 /* AppDelegate.swift */,
				9FCE38C91E348EA900AFBF81 /* ViewController.swift */,
				9FCE38CB1E348EA900AFBF81 /* Main.storyboard */,
				9FCE38CE1E348EAA00AFBF81 /* Assets.xcassets */,
				9FCE38D01E348EAA00AFBF81 /* LaunchScreen.storyboard */,
				9FCE38D31E348EAA00AFBF81 /* Info.plist */,
			);
			path = "Signal-iOS";
			sourceTree = "<group>";
		};
		9FCE38DC1E348ED200AFBF81 /* Signal-Mac */ = {
			isa = PBXGroup;
			children = (
				9F5F073E1E34A4A300520CA0 /* Signal-Mac */,
				9FCE38DD1E348ED200AFBF81 /* AppDelegate.swift */,
				9FCE38DF1E348ED200AFBF81 /* ViewController.swift */,
				9FCE38E11E348ED200AFBF81 /* Assets.xcassets */,
				9FCE38E31E348ED200AFBF81 /* Main.storyboard */,
				9FCE38E61E348ED200AFBF81 /* Info.plist */,
			);
			path = "Signal-Mac";
			sourceTree = "<group>";
		};
/* End PBXGroup section */

/* Begin PBXNativeTarget section */
		9FCE38C41E348EA900AFBF81 /* Signal-iOS */ = {
			isa = PBXNativeTarget;
			buildConfigurationList = 9FCE38D41E348EAA00AFBF81 /* Build configuration list for PBXNativeTarget "Signal-iOS" */;
			buildPhases = (
				9FCE38C11E348EA900AFBF81 /* Sources */,
				9FCE38C21E348EA900AFBF81 /* Frameworks */,
				9FCE38C31E348EA900AFBF81 /* Resources */,
			);
			buildRules = (
			);
			dependencies = (
			);
			name = "Signal-iOS";
			productName = "Signal-iOS";
			productReference = 9FCE38C51E348EA900AFBF81 /* Signal-iOS.app */;
			productType = "com.apple.product-type.application";
		};
		9FCE38DA1E348ED100AFBF81 /* Signal-Mac */ = {
			isa = PBXNativeTarget;
			buildConfigurationList = 9FCE38E71E348ED200AFBF81 /* Build configuration list for PBXNativeTarget "Signal-Mac" */;
			buildPhases = (
				9FCE38D71E348ED100AFBF81 /* Sources */,
				9FCE38D81E348ED100AFBF81 /* Frameworks */,
				9FCE38D91E348ED100AFBF81 /* Resources */,
			);
			buildRules = (
			);
			dependencies = (
			);
			name = "Signal-Mac";
			productName = "Signal-Mac";
			productReference = 9FCE38DB1E348ED100AFBF81 /* Signal-Mac.app */;
			productType = "com.apple.product-type.application";
		};
/* End PBXNativeTarget section */

/* Begin PBXProject section */
		9FCE38A41E348DB900AFBF81 /* Project object */ = {
			isa = PBXProject;
			attributes = {
				LastSwiftUpdateCheck = 0820;
				LastUpgradeCheck = 0820;
				ORGANIZATIONNAME = Kiran;
				TargetAttributes = {
					9FCE38C41E348EA900AFBF81 = {
						CreatedOnToolsVersion = 8.2.1;
						DevelopmentTeam = Y9Y96CV7VP;
						ProvisioningStyle = Automatic;
					};
					9FCE38DA1E348ED100AFBF81 = {
						CreatedOnToolsVersion = 8.2.1;
						ProvisioningStyle = Automatic;
					};
				};
			};
			buildConfigurationList = 9FCE38A71E348DB900AFBF81 /* Build configuration list for PBXProject "SignalDemo" */;
			compatibilityVersion = "Xcode 3.2";
			developmentRegion = English;
			hasScannedForEncodings = 0;
			knownRegions = (
				en,
				Base,
			);
			mainGroup = 9FCE38A31E348DB900AFBF81;
			productRefGroup = 9FCE38AD1E348DB900AFBF81 /* Products */;
			projectDirPath = "";
			projectRoot = "";
			targets = (
				9FCE38C41E348EA900AFBF81 /* Signal-iOS */,
				9FCE38DA1E348ED100AFBF81 /* Signal-Mac */,
			);
		};
/* End PBXProject section */

/* Begin PBXResourcesBuildPhase section */
		9FCE38C31E348EA900AFBF81 /* Resources */ = {
			isa = PBXResourcesBuildPhase;
			buildActionMask = 2147483647;
			files = (
				9FCE38D21E348EAA00AFBF81 /* LaunchScreen.storyboard in Resources */,
				9FCE38CF1E348EAA00AFBF81 /* Assets.xcassets in Resources */,
				9F5F073B1E34A48B00520CA0 /* Family.storyboard in Resources */,
				9FCE38CD1E348EA900AFBF81 /* Main.storyboard in Resources */,
			);
			runOnlyForDeploymentPostprocessing = 0;
		};
		9FCE38D91E348ED100AFBF81 /* Resources */ = {
			isa = PBXResourcesBuildPhase;
			buildActionMask = 2147483647;
			files = (
				9FCE38E21E348ED200AFBF81 /* Assets.xcassets in Resources */,
				9FCE38E51E348ED200AFBF81 /* Main.storyboard in Resources */,
			);
			runOnlyForDeploymentPostprocessing = 0;
		};
/* End PBXResourcesBuildPhase section */

/* Begin PBXSourcesBuildPhase section */
		9FCE38C11E348EA900AFBF81 /* Sources */ = {
			isa = PBXSourcesBuildPhase;
			buildActionMask = 2147483647;
			files = (
				9FCE38CA1E348EA900AFBF81 /* ViewController.swift in Sources */,
				9F5F07451E34AB3E00520CA0 /* Signal.swift in Sources */,
				9FFB0AE21E3545C5009A25F4 /* Helper.swift in Sources */,
				9FCE38C81E348EA900AFBF81 /* AppDelegate.swift in Sources */,
				9F5F073C1E34A48B00520CA0 /* InviteTableViewController.swift in Sources */,
			);
			runOnlyForDeploymentPostprocessing = 0;
		};
		9FCE38D71E348ED100AFBF81 /* Sources */ = {
			isa = PBXSourcesBuildPhase;
			buildActionMask = 2147483647;
			files = (
				9FCE38E01E348ED200AFBF81 /* ViewController.swift in Sources */,
				9F5F07461E34AB3E00520CA0 /* Signal.swift in Sources */,
				9FCE38DE1E348ED200AFBF81 /* AppDelegate.swift in Sources */,
				9FFB0AE31E3545C5009A25F4 /* Helper.swift in Sources */,
			);
			runOnlyForDeploymentPostprocessing = 0;
		};
/* End PBXSourcesBuildPhase section */

/* Begin PBXVariantGroup section */
		9FCE38CB1E348EA900AFBF81 /* Main.storyboard */ = {
			isa = PBXVariantGroup;
			children = (
				9FCE38CC1E348EA900AFBF81 /* Base */,
			);
			name = Main.storyboard;
			sourceTree = "<group>";
		};
		9FCE38D01E348EAA00AFBF81 /* LaunchScreen.storyboard */ = {
			isa = PBXVariantGroup;
			children = (
				9FCE38D11E348EAA00AFBF81 /* Base */,
			);
			name = LaunchScreen.storyboard;
			sourceTree = "<group>";
		};
		9FCE38E31E348ED200AFBF81 /* Main.storyboard */ = {
			isa = PBXVariantGroup;
			children = (
				9FCE38E41E348ED200AFBF81 /* Base */,
			);
			name = Main.storyboard;
			sourceTree = "<group>";
		};
/* End PBXVariantGroup section */

/* Begin XCBuildConfiguration section */
		9FCE38BC1E348DB900AFBF81 /* Debug */ = {
			isa = XCBuildConfiguration;
			buildSettings = {
				ALWAYS_SEARCH_USER_PATHS = NO;
				CLANG_ANALYZER_NONNULL = YES;
				CLANG_CXX_LANGUAGE_STANDARD = "gnu++0x";
				CLANG_CXX_LIBRARY = "libc++";
				CLANG_ENABLE_MODULES = YES;
				CLANG_ENABLE_OBJC_ARC = YES;
				CLANG_WARN_BOOL_CONVERSION = YES;
				CLANG_WARN_CONSTANT_CONVERSION = YES;
				CLANG_WARN_DIRECT_OBJC_ISA_USAGE = YES_ERROR;
				CLANG_WARN_DOCUMENTATION_COMMENTS = YES;
				CLANG_WARN_EMPTY_BODY = YES;
				CLANG_WARN_ENUM_CONVERSION = YES;
				CLANG_WARN_INFINITE_RECURSION = YES;
				CLANG_WARN_INT_CONVERSION = YES;
				CLANG_WARN_OBJC_ROOT_CLASS = YES_ERROR;
				CLANG_WARN_SUSPICIOUS_MOVE = YES;
				CLANG_WARN_UNREACHABLE_CODE = YES;
				CLANG_WARN__DUPLICATE_METHOD_MATCH = YES;
				"CODE_SIGN_IDENTITY[sdk=iphoneos*]" = "iPhone Developer";
				COPY_PHASE_STRIP = NO;
				DEBUG_INFORMATION_FORMAT = dwarf;
				ENABLE_STRICT_OBJC_MSGSEND = YES;
				ENABLE_TESTABILITY = YES;
				GCC_C_LANGUAGE_STANDARD = gnu99;
				GCC_DYNAMIC_NO_PIC = NO;
				GCC_NO_COMMON_BLOCKS = YES;
				GCC_OPTIMIZATION_LEVEL = 0;
				GCC_PREPROCESSOR_DEFINITIONS = (
					"DEBUG=1",
					"$(inherited)",
				);
				GCC_WARN_64_TO_32_BIT_CONVERSION = YES;
				GCC_WARN_ABOUT_RETURN_TYPE = YES_ERROR;
				GCC_WARN_UNDECLARED_SELECTOR = YES;
				GCC_WARN_UNINITIALIZED_AUTOS = YES_AGGRESSIVE;
				GCC_WARN_UNUSED_FUNCTION = YES;
				GCC_WARN_UNUSED_VARIABLE = YES;
				IPHONEOS_DEPLOYMENT_TARGET = 10.2;
				MTL_ENABLE_DEBUG_INFO = YES;
				ONLY_ACTIVE_ARCH = YES;
				SDKROOT = iphoneos;
				SWIFT_ACTIVE_COMPILATION_CONDITIONS = DEBUG;
				SWIFT_OPTIMIZATION_LEVEL = "-Onone";
				TARGETED_DEVICE_FAMILY = "1,2";
			};
			name = Debug;
		};
		9FCE38BD1E348DB900AFBF81 /* Release */ = {
			isa = XCBuildConfiguration;
			buildSettings = {
				ALWAYS_SEARCH_USER_PATHS = NO;
				CLANG_ANALYZER_NONNULL = YES;
				CLANG_CXX_LANGUAGE_STANDARD = "gnu++0x";
				CLANG_CXX_LIBRARY = "libc++";
				CLANG_ENABLE_MODULES = YES;
				CLANG_ENABLE_OBJC_ARC = YES;
				CLANG_WARN_BOOL_CONVERSION = YES;
				CLANG_WARN_CONSTANT_CONVERSION = YES;
				CLANG_WARN_DIRECT_OBJC_ISA_USAGE = YES_ERROR;
				CLANG_WARN_DOCUMENTATION_COMMENTS = YES;
				CLANG_WARN_EMPTY_BODY = YES;
				CLANG_WARN_ENUM_CONVERSION = YES;
				CLANG_WARN_INFINITE_RECURSION = YES;
				CLANG_WARN_INT_CONVERSION = YES;
				CLANG_WARN_OBJC_ROOT_CLASS = YES_ERROR;
				CLANG_WARN_SUSPICIOUS_MOVE = YES;
				CLANG_WARN_UNREACHABLE_CODE = YES;
				CLANG_WARN__DUPLICATE_METHOD_MATCH = YES;
				"CODE_SIGN_IDENTITY[sdk=iphoneos*]" = "iPhone Developer";
				COPY_PHASE_STRIP = NO;
				DEBUG_INFORMATION_FORMAT = "dwarf-with-dsym";
				ENABLE_NS_ASSERTIONS = NO;
				ENABLE_STRICT_OBJC_MSGSEND = YES;
				GCC_C_LANGUAGE_STANDARD = gnu99;
				GCC_NO_COMMON_BLOCKS = YES;
				GCC_WARN_64_TO_32_BIT_CONVERSION = YES;
				GCC_WARN_ABOUT_RETURN_TYPE = YES_ERROR;
				GCC_WARN_UNDECLARED_SELECTOR = YES;
				GCC_WARN_UNINITIALIZED_AUTOS = YES_AGGRESSIVE;
				GCC_WARN_UNUSED_FUNCTION = YES;
				GCC_WARN_UNUSED_VARIABLE = YES;
				IPHONEOS_DEPLOYMENT_TARGET = 10.2;
				MTL_ENABLE_DEBUG_INFO = NO;
				SDKROOT = iphoneos;
				SWIFT_OPTIMIZATION_LEVEL = "-Owholemodule";
				TARGETED_DEVICE_FAMILY = "1,2";
				VALIDATE_PRODUCT = YES;
			};
			name = Release;
		};
		9FCE38D51E348EAA00AFBF81 /* Debug */ = {
			isa = XCBuildConfiguration;
			buildSettings = {
				ASSETCATALOG_COMPILER_APPICON_NAME = AppIcon;
				DEVELOPMENT_TEAM = Y9Y96CV7VP;
				INFOPLIST_FILE = "Signal-iOS/Info.plist";
				IPHONEOS_DEPLOYMENT_TARGET = 9.0;
				LD_RUNPATH_SEARCH_PATHS = "$(inherited) @executable_path/Frameworks";
				PRODUCT_BUNDLE_IDENTIFIER = "self.edu.Signal-iOS";
				PRODUCT_NAME = "$(TARGET_NAME)";
				SWIFT_VERSION = 3.0;
			};
			name = Debug;
		};
		9FCE38D61E348EAA00AFBF81 /* Release */ = {
			isa = XCBuildConfiguration;
			buildSettings = {
				ASSETCATALOG_COMPILER_APPICON_NAME = AppIcon;
				DEVELOPMENT_TEAM = Y9Y96CV7VP;
				INFOPLIST_FILE = "Signal-iOS/Info.plist";
				IPHONEOS_DEPLOYMENT_TARGET = 9.0;
				LD_RUNPATH_SEARCH_PATHS = "$(inherited) @executable_path/Frameworks";
				PRODUCT_BUNDLE_IDENTIFIER = "self.edu.Signal-iOS";
				PRODUCT_NAME = "$(TARGET_NAME)";
				SWIFT_VERSION = 3.0;
			};
			name = Release;
		};
		9FCE38E81E348ED200AFBF81 /* Debug */ = {
			isa = XCBuildConfiguration;
			buildSettings = {
				ASSETCATALOG_COMPILER_APPICON_NAME = AppIcon;
				CODE_SIGN_IDENTITY = "-";
				COMBINE_HIDPI_IMAGES = YES;
				INFOPLIST_FILE = "Signal-Mac/Info.plist";
				LD_RUNPATH_SEARCH_PATHS = "$(inherited) @executable_path/../Frameworks";
				MACOSX_DEPLOYMENT_TARGET = 10.12;
				PRODUCT_BUNDLE_IDENTIFIER = "self.edu.Signal-Mac";
				PRODUCT_NAME = "$(TARGET_NAME)";
				SDKROOT = macosx;
				SWIFT_VERSION = 3.0;
			};
			name = Debug;
		};
		9FCE38E91E348ED200AFBF81 /* Release */ = {
			isa = XCBuildConfiguration;
			buildSettings = {
				ASSETCATALOG_COMPILER_APPICON_NAME = AppIcon;
				CODE_SIGN_IDENTITY = "-";
				COMBINE_HIDPI_IMAGES = YES;
				INFOPLIST_FILE = "Signal-Mac/Info.plist";
				LD_RUNPATH_SEARCH_PATHS = "$(inherited) @executable_path/../Frameworks";
				MACOSX_DEPLOYMENT_TARGET = 10.12;
				PRODUCT_BUNDLE_IDENTIFIER = "self.edu.Signal-Mac";
				PRODUCT_NAME = "$(TARGET_NAME)";
				SDKROOT = macosx;
				SWIFT_VERSION = 3.0;
			};
			name = Release;
		};
/* End XCBuildConfiguration section */

/* Begin XCConfigurationList section */
		9FCE38A71E348DB900AFBF81 /* Build configuration list for PBXProject "SignalDemo" */ = {
			isa = XCConfigurationList;
			buildConfigurations = (
				9FCE38BC1E348DB900AFBF81 /* Debug */,
				9FCE38BD1E348DB900AFBF81 /* Release */,
			);
			defaultConfigurationIsVisible = 0;
			defaultConfigurationName = Release;
		};
		9FCE38D41E348EAA00AFBF81 /* Build configuration list for PBXNativeTarget "Signal-iOS" */ = {
			isa = XCConfigurationList;
			buildConfigurations = (
				9FCE38D51E348EAA00AFBF81 /* Debug */,
				9FCE38D61E348EAA00AFBF81 /* Release */,
			);
			defaultConfigurationIsVisible = 0;
			defaultConfigurationName = Release;
		};
		9FCE38E71E348ED200AFBF81 /* Build configuration list for PBXNativeTarget "Signal-Mac" */ = {
			isa = XCConfigurationList;
			buildConfigurations = (
				9FCE38E81E348ED200AFBF81 /* Debug */,
				9FCE38E91E348ED200AFBF81 /* Release */,
			);
			defaultConfigurationIsVisible = 0;
			defaultConfigurationName = Release;
		};
/* End XCConfigurationList section */
	};
	rootObject = 9FCE38A41E348DB900AFBF81 /* Project object */;
}
